
Microsoft Visual Studio Solution File, Format Version 12.00
# Visual Studio 15
VisualStudioVersion = 15.0.26430.15
MinimumVisualStudioVersion = 10.0.40219.1
Project("{FAE04EC0-301F-11D3-BF4B-00C04F79EFBC}") = "MvxApp1.Droid", "MvxApp1\MvxApp1.Droid\MvxApp1.Droid.csproj", "{7DD986A4-62A8-4FC7-B7B1-BC34E9A436A4}"
EndProject
Project("{FAE04EC0-301F-11D3-BF4B-00C04F79EFBC}") = "MvxApp1.Core", "MvxApp1\MvxApp1.Core\MvxApp1.Core.csproj", "{922DE8A5-0627-4133-A777-8DCB75336E55}"
EndProject
Project("{FAE04EC0-301F-11D3-BF4B-00C04F79EFBC}") = "MvxApp1.iOS", "MvxApp1\MvxApp1.iOS\MvxApp1.iOS.csproj", "{78897A75-7A66-4116-9FC3-D5CDA872F287}"
EndProject
Project("{FAE04EC0-301F-11D3-BF4B-00C04F79EFBC}") = "MvxApp1.UWP", "MvxApp1\MvxApp1.UWP\MvxApp1.UWP.csproj", "{AC0D50E2-2759-48B7-AF52-972F792866D9}"
EndProject
Project("{FAE04EC0-301F-11D3-BF4B-00C04F79EFBC}") = "MvxApp1.WPF", "MvxApp1\MvxApp1.WPF\MvxApp1.WPF.csproj", "{5BA836E6-E4CB-4A77-8059-54E2A7381A7A}"
EndProject
Global
	GlobalSection(SolutionConfigurationPlatforms) = preSolution
		Ad-Hoc|Any CPU = Ad-Hoc|Any CPU
		Ad-Hoc|ARM = Ad-Hoc|ARM
		Ad-Hoc|iPhone = Ad-Hoc|iPhone
		Ad-Hoc|iPhoneSimulator = Ad-Hoc|iPhoneSimulator
		Ad-Hoc|x64 = Ad-Hoc|x64
		Ad-Hoc|x86 = Ad-Hoc|x86
		AppStore|Any CPU = AppStore|Any CPU
		AppStore|ARM = AppStore|ARM
		AppStore|iPhone = AppStore|iPhone
		AppStore|iPhoneSimulator = AppStore|iPhoneSimulator
		AppStore|x64 = AppStore|x64
		AppStore|x86 = AppStore|x86
		Debug|Any CPU = Debug|Any CPU
		Debug|ARM = Debug|ARM
		Debug|iPhone = Debug|iPhone
		Debug|iPhoneSimulator = Debug|iPhoneSimulator
		Debug|x64 = Debug|x64
		Debug|x86 = Debug|x86
		Release|Any CPU = Release|Any CPU
		Release|ARM = Release|ARM
		Release|iPhone = Release|iPhone
		Release|iPhoneSimulator = Release|iPhoneSimulator
		Release|x64 = Release|x64
		Release|x86 = Release|x86
	EndGlobalSection
	GlobalSection(ProjectConfigurationPlatforms) = postSolution
		{7DD986A4-62A8-4FC7-B7B1-BC34E9A436A4}.Ad-Hoc|Any CPU.ActiveCfg = Release|Any CPU
		{7DD986A4-62A8-4FC7-B7B1-BC34E9A436A4}.Ad-Hoc|Any CPU.Build.0 = Release|Any CPU
		{7DD986A4-62A8-4FC7-B7B1-BC34E9A436A4}.Ad-Hoc|Any CPU.Deploy.0 = Release|Any CPU
		{7DD986A4-62A8-4FC7-B7B1-BC34E9A436A4}.Ad-Hoc|ARM.ActiveCfg = Release|Any CPU
		{7DD986A4-62A8-4FC7-B7B1-BC34E9A436A4}.Ad-Hoc|ARM.Build.0 = Release|Any CPU
		{7DD986A4-62A8-4FC7-B7B1-BC34E9A436A4}.Ad-Hoc|ARM.Deploy.0 = Release|Any CPU
		{7DD986A4-62A8-4FC7-B7B1-BC34E9A436A4}.Ad-Hoc|iPhone.ActiveCfg = Release|Any CPU
		{7DD986A4-62A8-4FC7-B7B1-BC34E9A436A4}.Ad-Hoc|iPhone.Build.0 = Release|Any CPU
		{7DD986A4-62A8-4FC7-B7B1-BC34E9A436A4}.Ad-Hoc|iPhone.Deploy.0 = Release|Any CPU
		{7DD986A4-62A8-4FC7-B7B1-BC34E9A436A4}.Ad-Hoc|iPhoneSimulator.ActiveCfg = Release|Any CPU
		{7DD986A4-62A8-4FC7-B7B1-BC34E9A436A4}.Ad-Hoc|iPhoneSimulator.Build.0 = Release|Any CPU
		{7DD986A4-62A8-4FC7-B7B1-BC34E9A436A4}.Ad-Hoc|iPhoneSimulator.Deploy.0 = Release|Any CPU
		{7DD986A4-62A8-4FC7-B7B1-BC34E9A436A4}.Ad-Hoc|x64.ActiveCfg = Release|Any CPU
		{7DD986A4-62A8-4FC7-B7B1-BC34E9A436A4}.Ad-Hoc|x64.Build.0 = Release|Any CPU
		{7DD986A4-62A8-4FC7-B7B1-BC34E9A436A4}.Ad-Hoc|x64.Deploy.0 = Release|Any CPU
		{7DD986A4-62A8-4FC7-B7B1-BC34E9A436A4}.Ad-Hoc|x86.ActiveCfg = Release|Any CPU
		{7DD986A4-62A8-4FC7-B7B1-BC34E9A436A4}.Ad-Hoc|x86.Build.0 = Release|Any CPU
		{7DD986A4-62A8-4FC7-B7B1-BC34E9A436A4}.Ad-Hoc|x86.Deploy.0 = Release|Any CPU
		{7DD986A4-62A8-4FC7-B7B1-BC34E9A436A4}.AppStore|Any CPU.ActiveCfg = Release|Any CPU
		{7DD986A4-62A8-4FC7-B7B1-BC34E9A436A4}.AppStore|Any CPU.Build.0 = Release|Any CPU
		{7DD986A4-62A8-4FC7-B7B1-BC34E9A436A4}.AppStore|Any CPU.Deploy.0 = Release|Any CPU
		{7DD986A4-62A8-4FC7-B7B1-BC34E9A436A4}.AppStore|ARM.ActiveCfg = Release|Any CPU
		{7DD986A4-62A8-4FC7-B7B1-BC34E9A436A4}.AppStore|ARM.Build.0 = Release|Any CPU
		{7DD986A4-62A8-4FC7-B7B1-BC34E9A436A4}.AppStore|ARM.Deploy.0 = Release|Any CPU
		{7DD986A4-62A8-4FC7-B7B1-BC34E9A436A4}.AppStore|iPhone.ActiveCfg = Release|Any CPU
		{7DD986A4-62A8-4FC7-B7B1-BC34E9A436A4}.AppStore|iPhone.Build.0 = Release|Any CPU
		{7DD986A4-62A8-4FC7-B7B1-BC34E9A436A4}.AppStore|iPhone.Deploy.0 = Release|Any CPU
		{7DD986A4-62A8-4FC7-B7B1-BC34E9A436A4}.AppStore|iPhoneSimulator.ActiveCfg = Release|Any CPU
		{7DD986A4-62A8-4FC7-B7B1-BC34E9A436A4}.AppStore|iPhoneSimulator.Build.0 = Release|Any CPU
		{7DD986A4-62A8-4FC7-B7B1-BC34E9A436A4}.AppStore|iPhoneSimulator.Deploy.0 = Release|Any CPU
		{7DD986A4-62A8-4FC7-B7B1-BC34E9A436A4}.AppStore|x64.ActiveCfg = Release|Any CPU
		{7DD986A4-62A8-4FC7-B7B1-BC34E9A436A4}.AppStore|x64.Build.0 = Release|Any CPU
		{7DD986A4-62A8-4FC7-B7B1-BC34E9A436A4}.AppStore|x64.Deploy.0 = Release|Any CPU
		{7DD986A4-62A8-4FC7-B7B1-BC34E9A436A4}.AppStore|x86.ActiveCfg = Release|Any CPU
		{7DD986A4-62A8-4FC7-B7B1-BC34E9A436A4}.AppStore|x86.Build.0 = Release|Any CPU
		{7DD986A4-62A8-4FC7-B7B1-BC34E9A436A4}.AppStore|x86.Deploy.0 = Release|Any CPU
		{7DD986A4-62A8-4FC7-B7B1-BC34E9A436A4}.Debug|Any CPU.ActiveCfg = Debug|Any CPU
		{7DD986A4-62A8-4FC7-B7B1-BC34E9A436A4}.Debug|Any CPU.Build.0 = Debug|Any CPU
		{7DD986A4-62A8-4FC7-B7B1-BC34E9A436A4}.Debug|Any CPU.Deploy.0 = Debug|Any CPU
		{7DD986A4-62A8-4FC7-B7B1-BC34E9A436A4}.Debug|ARM.ActiveCfg = Debug|Any CPU
		{7DD986A4-62A8-4FC7-B7B1-BC34E9A436A4}.Debug|ARM.Build.0 = Debug|Any CPU
		{7DD986A4-62A8-4FC7-B7B1-BC34E9A436A4}.Debug|ARM.Deploy.0 = Debug|Any CPU
		{7DD986A4-62A8-4FC7-B7B1-BC34E9A436A4}.Debug|iPhone.ActiveCfg = Debug|Any CPU
		{7DD986A4-62A8-4FC7-B7B1-BC34E9A436A4}.Debug|iPhone.Build.0 = Debug|Any CPU
		{7DD986A4-62A8-4FC7-B7B1-BC34E9A436A4}.Debug|iPhone.Deploy.0 = Debug|Any CPU
		{7DD986A4-62A8-4FC7-B7B1-BC34E9A436A4}.Debug|iPhoneSimulator.ActiveCfg = Debug|Any CPU
		{7DD986A4-62A8-4FC7-B7B1-BC34E9A436A4}.Debug|iPhoneSimulator.Build.0 = Debug|Any CPU
		{7DD986A4-62A8-4FC7-B7B1-BC34E9A436A4}.Debug|iPhoneSimulator.Deploy.0 = Debug|Any CPU
		{7DD986A4-62A8-4FC7-B7B1-BC34E9A436A4}.Debug|x64.ActiveCfg = Debug|Any CPU
		{7DD986A4-62A8-4FC7-B7B1-BC34E9A436A4}.Debug|x64.Build.0 = Debug|Any CPU
		{7DD986A4-62A8-4FC7-B7B1-BC34E9A436A4}.Debug|x64.Deploy.0 = Debug|Any CPU
		{7DD986A4-62A8-4FC7-B7B1-BC34E9A436A4}.Debug|x86.ActiveCfg = Debug|Any CPU
		{7DD986A4-62A8-4FC7-B7B1-BC34E9A436A4}.Debug|x86.Build.0 = Debug|Any CPU
		{7DD986A4-62A8-4FC7-B7B1-BC34E9A436A4}.Debug|x86.Deploy.0 = Debug|Any CPU
		{7DD986A4-62A8-4FC7-B7B1-BC34E9A436A4}.Release|Any CPU.ActiveCfg = Release|Any CPU
		{7DD986A4-62A8-4FC7-B7B1-BC34E9A436A4}.Release|Any CPU.Build.0 = Release|Any CPU
		{7DD986A4-62A8-4FC7-B7B1-BC34E9A436A4}.Release|Any CPU.Deploy.0 = Release|Any CPU
		{7DD986A4-62A8-4FC7-B7B1-BC34E9A436A4}.Release|ARM.ActiveCfg = Release|Any CPU
		{7DD986A4-62A8-4FC7-B7B1-BC34E9A436A4}.Release|ARM.Build.0 = Release|Any CPU
		{7DD986A4-62A8-4FC7-B7B1-BC34E9A436A4}.Release|ARM.Deploy.0 = Release|Any CPU
		{7DD986A4-62A8-4FC7-B7B1-BC34E9A436A4}.Release|iPhone.ActiveCfg = Release|Any CPU
		{7DD986A4-62A8-4FC7-B7B1-BC34E9A436A4}.Release|iPhone.Build.0 = Release|Any CPU
		{7DD986A4-62A8-4FC7-B7B1-BC34E9A436A4}.Release|iPhone.Deploy.0 = Release|Any CPU
		{7DD986A4-62A8-4FC7-B7B1-BC34E9A436A4}.Release|iPhoneSimulator.ActiveCfg = Release|Any CPU
		{7DD986A4-62A8-4FC7-B7B1-BC34E9A436A4}.Release|iPhoneSimulator.Build.0 = Release|Any CPU
		{7DD986A4-62A8-4FC7-B7B1-BC34E9A436A4}.Release|iPhoneSimulator.Deploy.0 = Release|Any CPU
		{7DD986A4-62A8-4FC7-B7B1-BC34E9A436A4}.Release|x64.ActiveCfg = Release|Any CPU
		{7DD986A4-62A8-4FC7-B7B1-BC34E9A436A4}.Release|x64.Build.0 = Release|Any CPU
		{7DD986A4-62A8-4FC7-B7B1-BC34E9A436A4}.Release|x64.Deploy.0 = Release|Any CPU
		{7DD986A4-62A8-4FC7-B7B1-BC34E9A436A4}.Release|x86.ActiveCfg = Release|Any CPU
		{7DD986A4-62A8-4FC7-B7B1-BC34E9A436A4}.Release|x86.Build.0 = Release|Any CPU
		{7DD986A4-62A8-4FC7-B7B1-BC34E9A436A4}.Release|x86.Deploy.0 = Release|Any CPU
		{922DE8A5-0627-4133-A777-8DCB75336E55}.Ad-Hoc|Any CPU.ActiveCfg = Release|Any CPU
		{922DE8A5-0627-4133-A777-8DCB75336E55}.Ad-Hoc|Any CPU.Build.0 = Release|Any CPU
		{922DE8A5-0627-4133-A777-8DCB75336E55}.Ad-Hoc|ARM.ActiveCfg = Release|Any CPU
		{922DE8A5-0627-4133-A777-8DCB75336E55}.Ad-Hoc|ARM.Build.0 = Release|Any CPU
		{922DE8A5-0627-4133-A777-8DCB75336E55}.Ad-Hoc|iPhone.ActiveCfg = Release|Any CPU
		{922DE8A5-0627-4133-A777-8DCB75336E55}.Ad-Hoc|iPhone.Build.0 = Release|Any CPU
		{922DE8A5-0627-4133-A777-8DCB75336E55}.Ad-Hoc|iPhoneSimulator.ActiveCfg = Release|Any CPU
		{922DE8A5-0627-4133-A777-8DCB75336E55}.Ad-Hoc|iPhoneSimulator.Build.0 = Release|Any CPU
		{922DE8A5-0627-4133-A777-8DCB75336E55}.Ad-Hoc|x64.ActiveCfg = Release|Any CPU
		{922DE8A5-0627-4133-A777-8DCB75336E55}.Ad-Hoc|x64.Build.0 = Release|Any CPU
		{922DE8A5-0627-4133-A777-8DCB75336E55}.Ad-Hoc|x86.ActiveCfg = Release|Any CPU
		{922DE8A5-0627-4133-A777-8DCB75336E55}.Ad-Hoc|x86.Build.0 = Release|Any CPU
		{922DE8A5-0627-4133-A777-8DCB75336E55}.AppStore|Any CPU.ActiveCfg = Release|Any CPU
		{922DE8A5-0627-4133-A777-8DCB75336E55}.AppStore|Any CPU.Build.0 = Release|Any CPU
		{922DE8A5-0627-4133-A777-8DCB75336E55}.AppStore|ARM.ActiveCfg = Release|Any CPU
		{922DE8A5-0627-4133-A777-8DCB75336E55}.AppStore|ARM.Build.0 = Release|Any CPU
		{922DE8A5-0627-4133-A777-8DCB75336E55}.AppStore|iPhone.ActiveCfg = Release|Any CPU
		{922DE8A5-0627-4133-A777-8DCB75336E55}.AppStore|iPhone.Build.0 = Release|Any CPU
		{922DE8A5-0627-4133-A777-8DCB75336E55}.AppStore|iPhoneSimulator.ActiveCfg = Release|Any CPU
		{922DE8A5-0627-4133-A777-8DCB75336E55}.AppStore|iPhoneSimulator.Build.0 = Release|Any CPU
		{922DE8A5-0627-4133-A777-8DCB75336E55}.AppStore|x64.ActiveCfg = Release|Any CPU
		{922DE8A5-0627-4133-A777-8DCB75336E55}.AppStore|x64.Build.0 = Release|Any CPU
		{922DE8A5-0627-4133-A777-8DCB75336E55}.AppStore|x86.ActiveCfg = Release|Any CPU
		{922DE8A5-0627-4133-A777-8DCB75336E55}.AppStore|x86.Build.0 = Release|Any CPU
		{922DE8A5-0627-4133-A777-8DCB75336E55}.Debug|Any CPU.ActiveCfg = Debug|Any CPU
		{922DE8A5-0627-4133-A777-8DCB75336E55}.Debug|Any CPU.Build.0 = Debug|Any CPU
		{922DE8A5-0627-4133-A777-8DCB75336E55}.Debug|ARM.ActiveCfg = Debug|Any CPU
		{922DE8A5-0627-4133-A777-8DCB75336E55}.Debug|ARM.Build.0 = Debug|Any CPU
		{922DE8A5-0627-4133-A777-8DCB75336E55}.Debug|iPhone.ActiveCfg = Debug|Any CPU
		{922DE8A5-0627-4133-A777-8DCB75336E55}.Debug|iPhone.Build.0 = Debug|Any CPU
		{922DE8A5-0627-4133-A777-8DCB75336E55}.Debug|iPhoneSimulator.ActiveCfg = Debug|Any CPU
		{922DE8A5-0627-4133-A777-8DCB75336E55}.Debug|iPhoneSimulator.Build.0 = Debug|Any CPU
		{922DE8A5-0627-4133-A777-8DCB75336E55}.Debug|x64.ActiveCfg = Debug|Any CPU
		{922DE8A5-0627-4133-A777-8DCB75336E55}.Debug|x64.Build.0 = Debug|Any CPU
		{922DE8A5-0627-4133-A777-8DCB75336E55}.Debug|x86.ActiveCfg = Debug|Any CPU
		{922DE8A5-0627-4133-A777-8DCB75336E55}.Debug|x86.Build.0 = Debug|Any CPU
		{922DE8A5-0627-4133-A777-8DCB75336E55}.Release|Any CPU.ActiveCfg = Release|Any CPU
		{922DE8A5-0627-4133-A777-8DCB75336E55}.Release|Any CPU.Build.0 = Release|Any CPU
		{922DE8A5-0627-4133-A777-8DCB75336E55}.Release|ARM.ActiveCfg = Release|Any CPU
		{922DE8A5-0627-4133-A777-8DCB75336E55}.Release|ARM.Build.0 = Release|Any CPU
		{922DE8A5-0627-4133-A777-8DCB75336E55}.Release|iPhone.ActiveCfg = Release|Any CPU
		{922DE8A5-0627-4133-A777-8DCB75336E55}.Release|iPhone.Build.0 = Release|Any CPU
		{922DE8A5-0627-4133-A777-8DCB75336E55}.Release|iPhoneSimulator.ActiveCfg = Release|Any CPU
		{922DE8A5-0627-4133-A777-8DCB75336E55}.Release|iPhoneSimulator.Build.0 = Release|Any CPU
		{922DE8A5-0627-4133-A777-8DCB75336E55}.Release|x64.ActiveCfg = Release|Any CPU
		{922DE8A5-0627-4133-A777-8DCB75336E55}.Release|x64.Build.0 = Release|Any CPU
		{922DE8A5-0627-4133-A777-8DCB75336E55}.Release|x86.ActiveCfg = Release|Any CPU
		{922DE8A5-0627-4133-A777-8DCB75336E55}.Release|x86.Build.0 = Release|Any CPU
		{78897A75-7A66-4116-9FC3-D5CDA872F287}.Ad-Hoc|Any CPU.ActiveCfg = Ad-Hoc|iPhone
		{78897A75-7A66-4116-9FC3-D5CDA872F287}.Ad-Hoc|ARM.ActiveCfg = Ad-Hoc|iPhone
		{78897A75-7A66-4116-9FC3-D5CDA872F287}.Ad-Hoc|iPhone.ActiveCfg = Ad-Hoc|iPhone
		{78897A75-7A66-4116-9FC3-D5CDA872F287}.Ad-Hoc|iPhone.Build.0 = Ad-Hoc|iPhone
		{78897A75-7A66-4116-9FC3-D5CDA872F287}.Ad-Hoc|iPhoneSimulator.ActiveCfg = Ad-Hoc|iPhoneSimulator
		{78897A75-7A66-4116-9FC3-D5CDA872F287}.Ad-Hoc|iPhoneSimulator.Build.0 = Ad-Hoc|iPhoneSimulator
		{78897A75-7A66-4116-9FC3-D5CDA872F287}.Ad-Hoc|x64.ActiveCfg = Ad-Hoc|iPhone
		{78897A75-7A66-4116-9FC3-D5CDA872F287}.Ad-Hoc|x86.ActiveCfg = Ad-Hoc|iPhone
		{78897A75-7A66-4116-9FC3-D5CDA872F287}.AppStore|Any CPU.ActiveCfg = AppStore|iPhone
		{78897A75-7A66-4116-9FC3-D5CDA872F287}.AppStore|ARM.ActiveCfg = AppStore|iPhone
		{78897A75-7A66-4116-9FC3-D5CDA872F287}.AppStore|iPhone.ActiveCfg = AppStore|iPhone
		{78897A75-7A66-4116-9FC3-D5CDA872F287}.AppStore|iPhone.Build.0 = AppStore|iPhone
		{78897A75-7A66-4116-9FC3-D5CDA872F287}.AppStore|iPhoneSimulator.ActiveCfg = AppStore|iPhoneSimulator
		{78897A75-7A66-4116-9FC3-D5CDA872F287}.AppStore|iPhoneSimulator.Build.0 = AppStore|iPhoneSimulator
		{78897A75-7A66-4116-9FC3-D5CDA872F287}.AppStore|x64.ActiveCfg = AppStore|iPhone
		{78897A75-7A66-4116-9FC3-D5CDA872F287}.AppStore|x86.ActiveCfg = AppStore|iPhone
		{78897A75-7A66-4116-9FC3-D5CDA872F287}.Debug|Any CPU.ActiveCfg = Debug|iPhone
		{78897A75-7A66-4116-9FC3-D5CDA872F287}.Debug|ARM.ActiveCfg = Debug|iPhone
		{78897A75-7A66-4116-9FC3-D5CDA872F287}.Debug|iPhone.ActiveCfg = Debug|iPhone
		{78897A75-7A66-4116-9FC3-D5CDA872F287}.Debug|iPhone.Build.0 = Debug|iPhone
		{78897A75-7A66-4116-9FC3-D5CDA872F287}.Debug|iPhoneSimulator.ActiveCfg = Debug|iPhoneSimulator
		{78897A75-7A66-4116-9FC3-D5CDA872F287}.Debug|iPhoneSimulator.Build.0 = Debug|iPhoneSimulator
		{78897A75-7A66-4116-9FC3-D5CDA872F287}.Debug|x64.ActiveCfg = Debug|iPhone
		{78897A75-7A66-4116-9FC3-D5CDA872F287}.Debug|x86.ActiveCfg = Debug|iPhone
		{78897A75-7A66-4116-9FC3-D5CDA872F287}.Release|Any CPU.ActiveCfg = Release|iPhone
		{78897A75-7A66-4116-9FC3-D5CDA872F287}.Release|ARM.ActiveCfg = Release|iPhone
		{78897A75-7A66-4116-9FC3-D5CDA872F287}.Release|iPhone.ActiveCfg = Release|iPhone
		{78897A75-7A66-4116-9FC3-D5CDA872F287}.Release|iPhone.Build.0 = Release|iPhone
		{78897A75-7A66-4116-9FC3-D5CDA872F287}.Release|iPhoneSimulator.ActiveCfg = Release|iPhoneSimulator
		{78897A75-7A66-4116-9FC3-D5CDA872F287}.Release|iPhoneSimulator.Build.0 = Release|iPhoneSimulator
		{78897A75-7A66-4116-9FC3-D5CDA872F287}.Release|x64.ActiveCfg = Release|iPhone
		{78897A75-7A66-4116-9FC3-D5CDA872F287}.Release|x86.ActiveCfg = Release|iPhone
		{AC0D50E2-2759-48B7-AF52-972F792866D9}.Ad-Hoc|Any CPU.ActiveCfg = Release|x64
		{AC0D50E2-2759-48B7-AF52-972F792866D9}.Ad-Hoc|Any CPU.Build.0 = Release|x64
		{AC0D50E2-2759-48B7-AF52-972F792866D9}.Ad-Hoc|Any CPU.Deploy.0 = Release|x64
		{AC0D50E2-2759-48B7-AF52-972F792866D9}.Ad-Hoc|ARM.ActiveCfg = Release|ARM
		{AC0D50E2-2759-48B7-AF52-972F792866D9}.Ad-Hoc|ARM.Build.0 = Release|ARM
		{AC0D50E2-2759-48B7-AF52-972F792866D9}.Ad-Hoc|ARM.Deploy.0 = Release|ARM
		{AC0D50E2-2759-48B7-AF52-972F792866D9}.Ad-Hoc|iPhone.ActiveCfg = Release|x64
		{AC0D50E2-2759-48B7-AF52-972F792866D9}.Ad-Hoc|iPhone.Build.0 = Release|x64
		{AC0D50E2-2759-48B7-AF52-972F792866D9}.Ad-Hoc|iPhone.Deploy.0 = Release|x64
		{AC0D50E2-2759-48B7-AF52-972F792866D9}.Ad-Hoc|iPhoneSimulator.ActiveCfg = Release|x64
		{AC0D50E2-2759-48B7-AF52-972F792866D9}.Ad-Hoc|iPhoneSimulator.Build.0 = Release|x64
		{AC0D50E2-2759-48B7-AF52-972F792866D9}.Ad-Hoc|iPhoneSimulator.Deploy.0 = Release|x64
		{AC0D50E2-2759-48B7-AF52-972F792866D9}.Ad-Hoc|x64.ActiveCfg = Release|x64
		{AC0D50E2-2759-48B7-AF52-972F792866D9}.Ad-Hoc|x64.Build.0 = Release|x64
		{AC0D50E2-2759-48B7-AF52-972F792866D9}.Ad-Hoc|x64.Deploy.0 = Release|x64
		{AC0D50E2-2759-48B7-AF52-972F792866D9}.Ad-Hoc|x86.ActiveCfg = Release|x86
		{AC0D50E2-2759-48B7-AF52-972F792866D9}.Ad-Hoc|x86.Build.0 = Release|x86
		{AC0D50E2-2759-48B7-AF52-972F792866D9}.Ad-Hoc|x86.Deploy.0 = Release|x86
		{AC0D50E2-2759-48B7-AF52-972F792866D9}.AppStore|Any CPU.ActiveCfg = Release|x64
		{AC0D50E2-2759-48B7-AF52-972F792866D9}.AppStore|Any CPU.Build.0 = Release|x64
		{AC0D50E2-2759-48B7-AF52-972F792866D9}.AppStore|Any CPU.Deploy.0 = Release|x64
		{AC0D50E2-2759-48B7-AF52-972F792866D9}.AppStore|ARM.ActiveCfg = Release|ARM
		{AC0D50E2-2759-48B7-AF52-972F792866D9}.AppStore|ARM.Build.0 = Release|ARM
		{AC0D50E2-2759-48B7-AF52-972F792866D9}.AppStore|ARM.Deploy.0 = Release|ARM
		{AC0D50E2-2759-48B7-AF52-972F792866D9}.AppStore|iPhone.ActiveCfg = Release|x64
		{AC0D50E2-2759-48B7-AF52-972F792866D9}.AppStore|iPhone.Build.0 = Release|x64
		{AC0D50E2-2759-48B7-AF52-972F792866D9}.AppStore|iPhone.Deploy.0 = Release|x64
		{AC0D50E2-2759-48B7-AF52-972F792866D9}.AppStore|iPhoneSimulator.ActiveCfg = Release|x64
		{AC0D50E2-2759-48B7-AF52-972F792866D9}.AppStore|iPhoneSimulator.Build.0 = Release|x64
		{AC0D50E2-2759-48B7-AF52-972F792866D9}.AppStore|iPhoneSimulator.Deploy.0 = Release|x64
		{AC0D50E2-2759-48B7-AF52-972F792866D9}.AppStore|x64.ActiveCfg = Release|x64
		{AC0D50E2-2759-48B7-AF52-972F792866D9}.AppStore|x64.Build.0 = Release|x64
		{AC0D50E2-2759-48B7-AF52-972F792866D9}.AppStore|x64.Deploy.0 = Release|x64
		{AC0D50E2-2759-48B7-AF52-972F792866D9}.AppStore|x86.ActiveCfg = Release|x86
		{AC0D50E2-2759-48B7-AF52-972F792866D9}.AppStore|x86.Build.0 = Release|x86
		{AC0D50E2-2759-48B7-AF52-972F792866D9}.AppStore|x86.Deploy.0 = Release|x86
		{AC0D50E2-2759-48B7-AF52-972F792866D9}.Debug|Any CPU.ActiveCfg = Debug|x86
		{AC0D50E2-2759-48B7-AF52-972F792866D9}.Debug|ARM.ActiveCfg = Debug|ARM
		{AC0D50E2-2759-48B7-AF52-972F792866D9}.Debug|ARM.Build.0 = Debug|ARM
		{AC0D50E2-2759-48B7-AF52-972F792866D9}.Debug|ARM.Deploy.0 = Debug|ARM
		{AC0D50E2-2759-48B7-AF52-972F792866D9}.Debug|iPhone.ActiveCfg = Debug|x86
		{AC0D50E2-2759-48B7-AF52-972F792866D9}.Debug|iPhoneSimulator.ActiveCfg = Debug|x86
		{AC0D50E2-2759-48B7-AF52-972F792866D9}.Debug|x64.ActiveCfg = Debug|x64
		{AC0D50E2-2759-48B7-AF52-972F792866D9}.Debug|x64.Build.0 = Debug|x64
		{AC0D50E2-2759-48B7-AF52-972F792866D9}.Debug|x64.Deploy.0 = Debug|x64
		{AC0D50E2-2759-48B7-AF52-972F792866D9}.Debug|x86.ActiveCfg = Debug|x86
		{AC0D50E2-2759-48B7-AF52-972F792866D9}.Debug|x86.Build.0 = Debug|x86
		{AC0D50E2-2759-48B7-AF52-972F792866D9}.Debug|x86.Deploy.0 = Debug|x86
		{AC0D50E2-2759-48B7-AF52-972F792866D9}.Release|Any CPU.ActiveCfg = Release|x86
		{AC0D50E2-2759-48B7-AF52-972F792866D9}.Release|ARM.ActiveCfg = Release|ARM
		{AC0D50E2-2759-48B7-AF52-972F792866D9}.Release|ARM.Build.0 = Release|ARM
		{AC0D50E2-2759-48B7-AF52-972F792866D9}.Release|ARM.Deploy.0 = Release|ARM
		{AC0D50E2-2759-48B7-AF52-972F792866D9}.Release|iPhone.ActiveCfg = Release|x86
		{AC0D50E2-2759-48B7-AF52-972F792866D9}.Release|iPhoneSimulator.ActiveCfg = Release|x86
		{AC0D50E2-2759-48B7-AF52-972F792866D9}.Release|x64.ActiveCfg = Release|x64
		{AC0D50E2-2759-48B7-AF52-972F792866D9}.Release|x64.Build.0 = Release|x64
		{AC0D50E2-2759-48B7-AF52-972F792866D9}.Release|x64.Deploy.0 = Release|x64
		{AC0D50E2-2759-48B7-AF52-972F792866D9}.Release|x86.ActiveCfg = Release|x86
		{AC0D50E2-2759-48B7-AF52-972F792866D9}.Release|x86.Build.0 = Release|x86
		{AC0D50E2-2759-48B7-AF52-972F792866D9}.Release|x86.Deploy.0 = Release|x86
		{5BA836E6-E4CB-4A77-8059-54E2A7381A7A}.Ad-Hoc|Any CPU.ActiveCfg = Release|Any CPU
		{5BA836E6-E4CB-4A77-8059-54E2A7381A7A}.Ad-Hoc|Any CPU.Build.0 = Release|Any CPU
		{5BA836E6-E4CB-4A77-8059-54E2A7381A7A}.Ad-Hoc|ARM.ActiveCfg = Release|Any CPU
		{5BA836E6-E4CB-4A77-8059-54E2A7381A7A}.Ad-Hoc|ARM.Build.0 = Release|Any CPU
		{5BA836E6-E4CB-4A77-8059-54E2A7381A7A}.Ad-Hoc|iPhone.ActiveCfg = Release|Any CPU
		{5BA836E6-E4CB-4A77-8059-54E2A7381A7A}.Ad-Hoc|iPhone.Build.0 = Release|Any CPU
		{5BA836E6-E4CB-4A77-8059-54E2A7381A7A}.Ad-Hoc|iPhoneSimulator.ActiveCfg = Release|Any CPU
		{5BA836E6-E4CB-4A77-8059-54E2A7381A7A}.Ad-Hoc|iPhoneSimulator.Build.0 = Release|Any CPU
		{5BA836E6-E4CB-4A77-8059-54E2A7381A7A}.Ad-Hoc|x64.ActiveCfg = Release|Any CPU
		{5BA836E6-E4CB-4A77-8059-54E2A7381A7A}.Ad-Hoc|x64.Build.0 = Release|Any CPU
		{5BA836E6-E4CB-4A77-8059-54E2A7381A7A}.Ad-Hoc|x86.ActiveCfg = Release|Any CPU
		{5BA836E6-E4CB-4A77-8059-54E2A7381A7A}.Ad-Hoc|x86.Build.0 = Release|Any CPU
		{5BA836E6-E4CB-4A77-8059-54E2A7381A7A}.AppStore|Any CPU.ActiveCfg = Release|Any CPU
		{5BA836E6-E4CB-4A77-8059-54E2A7381A7A}.AppStore|Any CPU.Build.0 = Release|Any CPU
		{5BA836E6-E4CB-4A77-8059-54E2A7381A7A}.AppStore|ARM.ActiveCfg = Release|Any CPU
		{5BA836E6-E4CB-4A77-8059-54E2A7381A7A}.AppStore|ARM.Build.0 = Release|Any CPU
		{5BA836E6-E4CB-4A77-8059-54E2A7381A7A}.AppStore|iPhone.ActiveCfg = Release|Any CPU
		{5BA836E6-E4CB-4A77-8059-54E2A7381A7A}.AppStore|iPhone.Build.0 = Release|Any CPU
		{5BA836E6-E4CB-4A77-8059-54E2A7381A7A}.AppStore|iPhoneSimulator.ActiveCfg = Release|Any CPU
		{5BA836E6-E4CB-4A77-8059-54E2A7381A7A}.AppStore|iPhoneSimulator.Build.0 = Release|Any CPU
		{5BA836E6-E4CB-4A77-8059-54E2A7381A7A}.AppStore|x64.ActiveCfg = Release|Any CPU
		{5BA836E6-E4CB-4A77-8059-54E2A7381A7A}.AppStore|x64.Build.0 = Release|Any CPU
		{5BA836E6-E4CB-4A77-8059-54E2A7381A7A}.AppStore|x86.ActiveCfg = Release|Any CPU
		{5BA836E6-E4CB-4A77-8059-54E2A7381A7A}.AppStore|x86.Build.0 = Release|Any CPU
		{5BA836E6-E4CB-4A77-8059-54E2A7381A7A}.Debug|Any CPU.ActiveCfg = Debug|Any CPU
		{5BA836E6-E4CB-4A77-8059-54E2A7381A7A}.Debug|Any CPU.Build.0 = Debug|Any CPU
		{5BA836E6-E4CB-4A77-8059-54E2A7381A7A}.Debug|ARM.ActiveCfg = Debug|Any CPU
		{5BA836E6-E4CB-4A77-8059-54E2A7381A7A}.Debug|ARM.Build.0 = Debug|Any CPU
		{5BA836E6-E4CB-4A77-8059-54E2A7381A7A}.Debug|iPhone.ActiveCfg = Debug|Any CPU
		{5BA836E6-E4CB-4A77-8059-54E2A7381A7A}.Debug|iPhone.Build.0 = Debug|Any CPU
		{5BA836E6-E4CB-4A77-8059-54E2A7381A7A}.Debug|iPhoneSimulator.ActiveCfg = Debug|Any CPU
		{5BA836E6-E4CB-4A77-8059-54E2A7381A7A}.Debug|iPhoneSimulator.Build.0 = Debug|Any CPU
		{5BA836E6-E4CB-4A77-8059-54E2A7381A7A}.Debug|x64.ActiveCfg = Debug|Any CPU
		{5BA836E6-E4CB-4A77-8059-54E2A7381A7A}.Debug|x64.Build.0 = Debug|Any CPU
		{5BA836E6-E4CB-4A77-8059-54E2A7381A7A}.Debug|x86.ActiveCfg = Debug|Any CPU
		{5BA836E6-E4CB-4A77-8059-54E2A7381A7A}.Debug|x86.Build.0 = Debug|Any CPU
		{5BA836E6-E4CB-4A77-8059-54E2A7381A7A}.Release|Any CPU.ActiveCfg = Release|Any CPU
		{5BA836E6-E4CB-4A77-8059-54E2A7381A7A}.Release|Any CPU.Build.0 = Release|Any CPU
		{5BA836E6-E4CB-4A77-8059-54E2A7381A7A}.Release|ARM.ActiveCfg = Release|Any CPU
		{5BA836E6-E4CB-4A77-8059-54E2A7381A7A}.Release|ARM.Build.0 = Release|Any CPU
		{5BA836E6-E4CB-4A77-8059-54E2A7381A7A}.Release|iPhone.ActiveCfg = Release|Any CPU
		{5BA836E6-E4CB-4A77-8059-54E2A7381A7A}.Release|iPhone.Build.0 = Release|Any CPU
		{5BA836E6-E4CB-4A77-8059-54E2A7381A7A}.Release|iPhoneSimulator.ActiveCfg = Release|Any CPU
		{5BA836E6-E4CB-4A77-8059-54E2A7381A7A}.Release|iPhoneSimulator.Build.0 = Release|Any CPU
		{5BA836E6-E4CB-4A77-8059-54E2A7381A7A}.Release|x64.ActiveCfg = Release|Any CPU
		{5BA836E6-E4CB-4A77-8059-54E2A7381A7A}.Release|x64.Build.0 = Release|Any CPU
		{5BA836E6-E4CB-4A77-8059-54E2A7381A7A}.Release|x86.ActiveCfg = Release|Any CPU
		{5BA836E6-E4CB-4A77-8059-54E2A7381A7A}.Release|x86.Build.0 = Release|Any CPU
	EndGlobalSection
	GlobalSection(SolutionProperties) = preSolution
		HideSolutionNode = FALSE
	EndGlobalSection
	GlobalSection(CodealikeProperties) = postSolution
		SolutionGuid = ee4390d6-a0dd-441a-b47e-a72d329afa82
	EndGlobalSection
EndGlobal
